
Microsoft Visual Studio Solution File, Format Version 12.00
# Visual Studio Version 16
VisualStudioVersion = 16.0.31321.278
MinimumVisualStudioVersion = 10.0.40219.1
Project("{FAE04EC0-301F-11D3-BF4B-00C04F79EFBC}") = "BA_C_sharp_10", "BA_C_sharp_10.csproj", "{084F1EA0-5F17-47D1-A3D6-80360F1D10A8}"
EndProject
Global
	GlobalSection(SolutionConfigurationPlatforms) = preSolution
		Debug|Any CPU = Debug|Any CPU
		Release|Any CPU = Release|Any CPU
	EndGlobalSection
	GlobalSection(ProjectConfigurationPlatforms) = postSolution
		{084F1EA0-5F17-47D1-A3D6-80360F1D10A8}.Debug|Any CPU.ActiveCfg = Debug|Any CPU
		{084F1EA0-5F17-47D1-A3D6-80360F1D10A8}.Debug|Any CPU.Build.0 = Debug|Any CPU
		{084F1EA0-5F17-47D1-A3D6-80360F1D10A8}.Release|Any CPU.ActiveCfg = Release|Any CPU
		{084F1EA0-5F17-47D1-A3D6-80360F1D10A8}.Release|Any CPU.Build.0 = Release|Any CPU
	EndGlobalSection
	GlobalSection(SolutionProperties) = preSolution
		HideSolutionNode = FALSE
	EndGlobalSection
	GlobalSection(ExtensibilityGlobals) = postSolution
		SolutionGuid = {97045457-B594-483F-A0CA-CB99A27E9F88}
	EndGlobalSection
EndGlobal
